
Microsoft Visual Studio Solution File, Format Version 12.00
# Visual Studio Version 17
VisualStudioVersion = 17.8.34601.278
MinimumVisualStudioVersion = 10.0.40219.1
Project("{FAE04EC0-301F-11D3-BF4B-00C04F79EFBC}") = "Backend", "Backend.csproj", "{DEE5711D-B997-454E-B747-A0FA2F2681DF}"
EndProject
Global
	GlobalSection(SolutionConfigurationPlatforms) = preSolution
		Debug|Any CPU = Debug|Any CPU
		Release|Any CPU = Release|Any CPU
	EndGlobalSection
	GlobalSection(ProjectConfigurationPlatforms) = postSolution
		{DEE5711D-B997-454E-B747-A0FA2F2681DF}.Debug|Any CPU.ActiveCfg = Debug|Any CPU
		{DEE5711D-B997-454E-B747-A0FA2F2681DF}.Debug|Any CPU.Build.0 = Debug|Any CPU
		{DEE5711D-B997-454E-B747-A0FA2F2681DF}.Release|Any CPU.ActiveCfg = Release|Any CPU
		{DEE5711D-B997-454E-B747-A0FA2F2681DF}.Release|Any CPU.Build.0 = Release|Any CPU
	EndGlobalSection
	GlobalSection(SolutionProperties) = preSolution
		HideSolutionNode = FALSE
	EndGlobalSection
	GlobalSection(ExtensibilityGlobals) = postSolution
		SolutionGuid = {F6A46873-73FD-4F8B-A693-18C2432BD5E4}
	EndGlobalSection
EndGlobal
